// !$*UTF8*$!
{
	archiveVersion = 1;
	classes = {
	};
	objectVersion = 46;
	objects = {

/* Begin PBXBuildFile section */
		154A35C955F92EC5ECA67C3B /* Pods_ATAX.framework in Frameworks */ = {isa = PBXBuildFile; fileRef = 3B3640D5C515034DD72C7C5A /* Pods_ATAX.framework */; };
		63A642701F555FBE00436ED8 /* IntroVC.swift in Sources */ = {isa = PBXBuildFile; fileRef = 63A6426F1F555FBE00436ED8 /* IntroVC.swift */; };
		63A642721F55627E00436ED8 /* Text.swift in Sources */ = {isa = PBXBuildFile; fileRef = 63A642711F55627E00436ED8 /* Text.swift */; };
		63A642771F55663C00436ED8 /* OpenSans-Light.ttf in Resources */ = {isa = PBXBuildFile; fileRef = 63A642741F55663C00436ED8 /* OpenSans-Light.ttf */; };
		63A642781F55663C00436ED8 /* OpenSans-Regular.ttf in Resources */ = {isa = PBXBuildFile; fileRef = 63A642751F55663C00436ED8 /* OpenSans-Regular.ttf */; };
		63A642791F55663C00436ED8 /* OpenSans-SemiBold.ttf in Resources */ = {isa = PBXBuildFile; fileRef = 63A642761F55663C00436ED8 /* OpenSans-SemiBold.ttf */; };
		63A642941F55664E00436ED8 /* SourceSansPro-Light.ttf in Resources */ = {isa = PBXBuildFile; fileRef = 63A642861F55664E00436ED8 /* SourceSansPro-Light.ttf */; };
		63A642951F55664E00436ED8 /* SourceSansPro-Regular.ttf in Resources */ = {isa = PBXBuildFile; fileRef = 63A642871F55664E00436ED8 /* SourceSansPro-Regular.ttf */; };
		63A642961F55664E00436ED8 /* SourceSansPro-SemiBold.ttf in Resources */ = {isa = PBXBuildFile; fileRef = 63A642881F55664E00436ED8 /* SourceSansPro-SemiBold.ttf */; };
		63A642981F556AC900436ED8 /* HomeViewController.swift in Sources */ = {isa = PBXBuildFile; fileRef = 63A642971F556AC900436ED8 /* HomeViewController.swift */; };
		63A6429A1F55718D00436ED8 /* SignUpViewController.swift in Sources */ = {isa = PBXBuildFile; fileRef = 63A642991F55718D00436ED8 /* SignUpViewController.swift */; };
		63A6429C1F55735100436ED8 /* RoundView.swift in Sources */ = {isa = PBXBuildFile; fileRef = 63A6429B1F55735100436ED8 /* RoundView.swift */; };
		63A6429E1F557FC100436ED8 /* RoundButton.swift in Sources */ = {isa = PBXBuildFile; fileRef = 63A6429D1F557FC100436ED8 /* RoundButton.swift */; };
		63A8F0741F555C40004FB344 /* AppDelegate.swift in Sources */ = {isa = PBXBuildFile; fileRef = 63A8F0731F555C40004FB344 /* AppDelegate.swift */; };
		63A8F0761F555C40004FB344 /* SplashVC.swift in Sources */ = {isa = PBXBuildFile; fileRef = 63A8F0751F555C40004FB344 /* SplashVC.swift */; };
		63A8F0791F555C40004FB344 /* Main.storyboard in Resources */ = {isa = PBXBuildFile; fileRef = 63A8F0771F555C40004FB344 /* Main.storyboard */; };
		63A8F07B1F555C40004FB344 /* Assets.xcassets in Resources */ = {isa = PBXBuildFile; fileRef = 63A8F07A1F555C40004FB344 /* Assets.xcassets */; };
		63A8F07E1F555C40004FB344 /* LaunchScreen.storyboard in Resources */ = {isa = PBXBuildFile; fileRef = 63A8F07C1F555C40004FB344 /* LaunchScreen.storyboard */; };
		DA97F91B1F55D1D3002384BF /* ForgotPasswordViewController.swift in Sources */ = {isa = PBXBuildFile; fileRef = DA97F91A1F55D1D3002384BF /* ForgotPasswordViewController.swift */; };
		DA97F9201F55DB83002384BF /* CustomNavi.swift in Sources */ = {isa = PBXBuildFile; fileRef = DA97F91F1F55DB83002384BF /* CustomNavi.swift */; };
		DA97F9221F55DC9D002384BF /* MyTaxesViewController.swift in Sources */ = {isa = PBXBuildFile; fileRef = DA97F9211F55DC9D002384BF /* MyTaxesViewController.swift */; };
		DA97F9241F55DCA8002384BF /* DocumentsViewController.swift in Sources */ = {isa = PBXBuildFile; fileRef = DA97F9231F55DCA8002384BF /* DocumentsViewController.swift */; };
		DA97F9261F55DCC2002384BF /* MessagesViewController.swift in Sources */ = {isa = PBXBuildFile; fileRef = DA97F9251F55DCC2002384BF /* MessagesViewController.swift */; };
		DA97F9281F55DCCD002384BF /* MoreViewController.swift in Sources */ = {isa = PBXBuildFile; fileRef = DA97F9271F55DCCD002384BF /* MoreViewController.swift */; };
/* End PBXBuildFile section */

/* Begin PBXFileReference section */
		3B3640D5C515034DD72C7C5A /* Pods_ATAX.framework */ = {isa = PBXFileReference; explicitFileType = wrapper.framework; includeInIndex = 0; path = Pods_ATAX.framework; sourceTree = BUILT_PRODUCTS_DIR; };
		63A6426F1F555FBE00436ED8 /* IntroVC.swift */ = {isa = PBXFileReference; fileEncoding = 4; lastKnownFileType = sourcecode.swift; path = IntroVC.swift; sourceTree = "<group>"; };
		63A642711F55627E00436ED8 /* Text.swift */ = {isa = PBXFileReference; fileEncoding = 4; lastKnownFileType = sourcecode.swift; path = Text.swift; sourceTree = "<group>"; };
		63A642741F55663C00436ED8 /* OpenSans-Light.ttf */ = {isa = PBXFileReference; lastKnownFileType = file; path = "OpenSans-Light.ttf"; sourceTree = "<group>"; };
		63A642751F55663C00436ED8 /* OpenSans-Regular.ttf */ = {isa = PBXFileReference; lastKnownFileType = file; path = "OpenSans-Regular.ttf"; sourceTree = "<group>"; };
		63A642761F55663C00436ED8 /* OpenSans-SemiBold.ttf */ = {isa = PBXFileReference; lastKnownFileType = file; path = "OpenSans-SemiBold.ttf"; sourceTree = "<group>"; };
		63A642861F55664E00436ED8 /* SourceSansPro-Light.ttf */ = {isa = PBXFileReference; lastKnownFileType = file; path = "SourceSansPro-Light.ttf"; sourceTree = "<group>"; };
		63A642871F55664E00436ED8 /* SourceSansPro-Regular.ttf */ = {isa = PBXFileReference; lastKnownFileType = file; path = "SourceSansPro-Regular.ttf"; sourceTree = "<group>"; };
		63A642881F55664E00436ED8 /* SourceSansPro-SemiBold.ttf */ = {isa = PBXFileReference; lastKnownFileType = file; path = "SourceSansPro-SemiBold.ttf"; sourceTree = "<group>"; };
		63A642971F556AC900436ED8 /* HomeViewController.swift */ = {isa = PBXFileReference; fileEncoding = 4; lastKnownFileType = sourcecode.swift; path = HomeViewController.swift; sourceTree = "<group>"; };
		63A642991F55718D00436ED8 /* SignUpViewController.swift */ = {isa = PBXFileReference; fileEncoding = 4; lastKnownFileType = sourcecode.swift; path = SignUpViewController.swift; sourceTree = "<group>"; };
		63A6429B1F55735100436ED8 /* RoundView.swift */ = {isa = PBXFileReference; fileEncoding = 4; lastKnownFileType = sourcecode.swift; path = RoundView.swift; sourceTree = "<group>"; };
		63A6429D1F557FC100436ED8 /* RoundButton.swift */ = {isa = PBXFileReference; fileEncoding = 4; lastKnownFileType = sourcecode.swift; path = RoundButton.swift; sourceTree = "<group>"; };
		63A8F0701F555C40004FB344 /* ATAX.app */ = {isa = PBXFileReference; explicitFileType = wrapper.application; includeInIndex = 0; path = ATAX.app; sourceTree = BUILT_PRODUCTS_DIR; };
		63A8F0731F555C40004FB344 /* AppDelegate.swift */ = {isa = PBXFileReference; lastKnownFileType = sourcecode.swift; path = AppDelegate.swift; sourceTree = "<group>"; };
		63A8F0751F555C40004FB344 /* SplashVC.swift */ = {isa = PBXFileReference; lastKnownFileType = sourcecode.swift; path = SplashVC.swift; sourceTree = "<group>"; };
		63A8F0781F555C40004FB344 /* Base */ = {isa = PBXFileReference; lastKnownFileType = file.storyboard; name = Base; path = Base.lproj/Main.storyboard; sourceTree = "<group>"; };
		63A8F07A1F555C40004FB344 /* Assets.xcassets */ = {isa = PBXFileReference; lastKnownFileType = folder.assetcatalog; path = Assets.xcassets; sourceTree = "<group>"; };
		63A8F07D1F555C40004FB344 /* Base */ = {isa = PBXFileReference; lastKnownFileType = file.storyboard; name = Base; path = Base.lproj/LaunchScreen.storyboard; sourceTree = "<group>"; };
		63A8F07F1F555C40004FB344 /* Info.plist */ = {isa = PBXFileReference; lastKnownFileType = text.plist.xml; path = Info.plist; sourceTree = "<group>"; };
		B7D3AD4986722D605028410D /* Pods-ATAX.release.xcconfig */ = {isa = PBXFileReference; includeInIndex = 1; lastKnownFileType = text.xcconfig; name = "Pods-ATAX.release.xcconfig"; path = "Pods/Target Support Files/Pods-ATAX/Pods-ATAX.release.xcconfig"; sourceTree = "<group>"; };
		CF27E2C936776EE1113740EE /* Pods-ATAX.debug.xcconfig */ = {isa = PBXFileReference; includeInIndex = 1; lastKnownFileType = text.xcconfig; name = "Pods-ATAX.debug.xcconfig"; path = "Pods/Target Support Files/Pods-ATAX/Pods-ATAX.debug.xcconfig"; sourceTree = "<group>"; };
		DA97F91A1F55D1D3002384BF /* ForgotPasswordViewController.swift */ = {isa = PBXFileReference; fileEncoding = 4; lastKnownFileType = sourcecode.swift; path = ForgotPasswordViewController.swift; sourceTree = "<group>"; };
		DA97F91F1F55DB83002384BF /* CustomNavi.swift */ = {isa = PBXFileReference; fileEncoding = 4; lastKnownFileType = sourcecode.swift; path = CustomNavi.swift; sourceTree = "<group>"; };
		DA97F9211F55DC9D002384BF /* MyTaxesViewController.swift */ = {isa = PBXFileReference; fileEncoding = 4; lastKnownFileType = sourcecode.swift; path = MyTaxesViewController.swift; sourceTree = "<group>"; };
		DA97F9231F55DCA8002384BF /* DocumentsViewController.swift */ = {isa = PBXFileReference; fileEncoding = 4; lastKnownFileType = sourcecode.swift; path = DocumentsViewController.swift; sourceTree = "<group>"; };
		DA97F9251F55DCC2002384BF /* MessagesViewController.swift */ = {isa = PBXFileReference; fileEncoding = 4; lastKnownFileType = sourcecode.swift; path = MessagesViewController.swift; sourceTree = "<group>"; };
		DA97F9271F55DCCD002384BF /* MoreViewController.swift */ = {isa = PBXFileReference; fileEncoding = 4; lastKnownFileType = sourcecode.swift; path = MoreViewController.swift; sourceTree = "<group>"; };
/* End PBXFileReference section */

/* Begin PBXFrameworksBuildPhase section */
		63A8F06D1F555C40004FB344 /* Frameworks */ = {
			isa = PBXFrameworksBuildPhase;
			buildActionMask = 2147483647;
			files = (
				154A35C955F92EC5ECA67C3B /* Pods_ATAX.framework in Frameworks */,
			);
			runOnlyForDeploymentPostprocessing = 0;
		};
/* End PBXFrameworksBuildPhase section */

/* Begin PBXGroup section */
		0A3BCCC1C5A2F0068DD850D3 /* Frameworks */ = {
			isa = PBXGroup;
			children = (
				3B3640D5C515034DD72C7C5A /* Pods_ATAX.framework */,
			);
			name = Frameworks;
			sourceTree = "<group>";
		};
		1C17859B8D04E41AFBFA1292 /* Pods */ = {
			isa = PBXGroup;
			children = (
				CF27E2C936776EE1113740EE /* Pods-ATAX.debug.xcconfig */,
				B7D3AD4986722D605028410D /* Pods-ATAX.release.xcconfig */,
			);
			name = Pods;
			sourceTree = "<group>";
		};
		63A642731F55661800436ED8 /* Resource */ = {
			isa = PBXGroup;
			children = (
				63A642861F55664E00436ED8 /* SourceSansPro-Light.ttf */,
				63A642871F55664E00436ED8 /* SourceSansPro-Regular.ttf */,
				63A642881F55664E00436ED8 /* SourceSansPro-SemiBold.ttf */,
				63A642741F55663C00436ED8 /* OpenSans-Light.ttf */,
				63A642751F55663C00436ED8 /* OpenSans-Regular.ttf */,
				63A642761F55663C00436ED8 /* OpenSans-SemiBold.ttf */,
			);
			name = Resource;
			sourceTree = "<group>";
		};
		63A8F0671F555C40004FB344 = {
			isa = PBXGroup;
			children = (
				63A8F0721F555C40004FB344 /* ATAX */,
				63A8F0711F555C40004FB344 /* Products */,
				1C17859B8D04E41AFBFA1292 /* Pods */,
				0A3BCCC1C5A2F0068DD850D3 /* Frameworks */,
			);
			sourceTree = "<group>";
		};
		63A8F0711F555C40004FB344 /* Products */ = {
			isa = PBXGroup;
			children = (
				63A8F0701F555C40004FB344 /* ATAX.app */,
			);
			name = Products;
			sourceTree = "<group>";
		};
		63A8F0721F555C40004FB344 /* ATAX */ = {
			isa = PBXGroup;
			children = (
				DA97F91E1F55D7BB002384BF /* Model */,
				DA97F91D1F55D7B5002384BF /* Controller */,
				DA97F91C1F55D7AF002384BF /* View */,
				63A642731F55661800436ED8 /* Resource */,
				63A8F0731F555C40004FB344 /* AppDelegate.swift */,
				63A8F07A1F555C40004FB344 /* Assets.xcassets */,
				63A8F07C1F555C40004FB344 /* LaunchScreen.storyboard */,
				63A8F07F1F555C40004FB344 /* Info.plist */,
			);
			path = ATAX;
			sourceTree = "<group>";
		};
		DA97F91C1F55D7AF002384BF /* View */ = {
			isa = PBXGroup;
			children = (
				63A8F0771F555C40004FB344 /* Main.storyboard */,
				63A6429D1F557FC100436ED8 /* RoundButton.swift */,
				63A6429B1F55735100436ED8 /* RoundView.swift */,
				DA97F91F1F55DB83002384BF /* CustomNavi.swift */,
			);
			name = View;
			sourceTree = "<group>";
		};
		DA97F91D1F55D7B5002384BF /* Controller */ = {
			isa = PBXGroup;
			children = (
				63A8F0751F555C40004FB344 /* SplashVC.swift */,
				63A6426F1F555FBE00436ED8 /* IntroVC.swift */,
				63A642971F556AC900436ED8 /* HomeViewController.swift */,
				63A642991F55718D00436ED8 /* SignUpViewController.swift */,
				DA97F91A1F55D1D3002384BF /* ForgotPasswordViewController.swift */,
				DA97F9211F55DC9D002384BF /* MyTaxesViewController.swift */,
				DA97F9231F55DCA8002384BF /* DocumentsViewController.swift */,
				DA97F9251F55DCC2002384BF /* MessagesViewController.swift */,
				DA97F9271F55DCCD002384BF /* MoreViewController.swift */,
			);
			name = Controller;
			sourceTree = "<group>";
		};
		DA97F91E1F55D7BB002384BF /* Model */ = {
			isa = PBXGroup;
			children = (
				63A642711F55627E00436ED8 /* Text.swift */,
			);
			name = Model;
			sourceTree = "<group>";
		};
/* End PBXGroup section */

/* Begin PBXNativeTarget section */
		63A8F06F1F555C40004FB344 /* ATAX */ = {
			isa = PBXNativeTarget;
			buildConfigurationList = 63A8F0821F555C40004FB344 /* Build configuration list for PBXNativeTarget "ATAX" */;
			buildPhases = (
				C86AE9E59F540770714439E0 /* [CP] Check Pods Manifest.lock */,
				63A8F06C1F555C40004FB344 /* Sources */,
				63A8F06D1F555C40004FB344 /* Frameworks */,
				63A8F06E1F555C40004FB344 /* Resources */,
				05120A92B76CB232F39F69E5 /* [CP] Embed Pods Frameworks */,
				9B9DC71E17154ED7A336D384 /* [CP] Copy Pods Resources */,
			);
			buildRules = (
			);
			dependencies = (
			);
			name = ATAX;
			productName = ATAX;
			productReference = 63A8F0701F555C40004FB344 /* ATAX.app */;
			productType = "com.apple.product-type.application";
		};
/* End PBXNativeTarget section */

/* Begin PBXProject section */
		63A8F0681F555C40004FB344 /* Project object */ = {
			isa = PBXProject;
			attributes = {
				LastSwiftUpdateCheck = 0830;
				LastUpgradeCheck = 0830;
				ORGANIZATIONNAME = David;
				TargetAttributes = {
					63A8F06F1F555C40004FB344 = {
						CreatedOnToolsVersion = 8.3.2;
						ProvisioningStyle = Automatic;
					};
				};
			};
			buildConfigurationList = 63A8F06B1F555C40004FB344 /* Build configuration list for PBXProject "ATAX" */;
			compatibilityVersion = "Xcode 3.2";
			developmentRegion = English;
			hasScannedForEncodings = 0;
			knownRegions = (
				en,
				Base,
			);
			mainGroup = 63A8F0671F555C40004FB344;
			productRefGroup = 63A8F0711F555C40004FB344 /* Products */;
			projectDirPath = "";
			projectRoot = "";
			targets = (
				63A8F06F1F555C40004FB344 /* ATAX */,
			);
		};
/* End PBXProject section */

/* Begin PBXResourcesBuildPhase section */
		63A8F06E1F555C40004FB344 /* Resources */ = {
			isa = PBXResourcesBuildPhase;
			buildActionMask = 2147483647;
			files = (
				63A642951F55664E00436ED8 /* SourceSansPro-Regular.ttf in Resources */,
				63A642781F55663C00436ED8 /* OpenSans-Regular.ttf in Resources */,
				63A642941F55664E00436ED8 /* SourceSansPro-Light.ttf in Resources */,
				63A8F07E1F555C40004FB344 /* LaunchScreen.storyboard in Resources */,
				63A8F07B1F555C40004FB344 /* Assets.xcassets in Resources */,
				63A642771F55663C00436ED8 /* OpenSans-Light.ttf in Resources */,
				63A642791F55663C00436ED8 /* OpenSans-SemiBold.ttf in Resources */,
				63A8F0791F555C40004FB344 /* Main.storyboard in Resources */,
				63A642961F55664E00436ED8 /* SourceSansPro-SemiBold.ttf in Resources */,
			);
			runOnlyForDeploymentPostprocessing = 0;
		};
/* End PBXResourcesBuildPhase section */

/* Begin PBXShellScriptBuildPhase section */
		05120A92B76CB232F39F69E5 /* [CP] Embed Pods Frameworks */ = {
			isa = PBXShellScriptBuildPhase;
			buildActionMask = 2147483647;
			files = (
			);
			inputPaths = (
				"${SRCROOT}/Pods/Target Support Files/Pods-ATAX/Pods-ATAX-frameworks.sh",
				"${BUILT_PRODUCTS_DIR}/paper-onboarding/paper_onboarding.framework",
			);
			name = "[CP] Embed Pods Frameworks";
			outputPaths = (
				"${TARGET_BUILD_DIR}/${FRAMEWORKS_FOLDER_PATH}/paper_onboarding.framework",
			);
			runOnlyForDeploymentPostprocessing = 0;
			shellPath = /bin/sh;
			shellScript = "\"${SRCROOT}/Pods/Target Support Files/Pods-ATAX/Pods-ATAX-frameworks.sh\"\n";
			showEnvVarsInLog = 0;
		};
		9B9DC71E17154ED7A336D384 /* [CP] Copy Pods Resources */ = {
			isa = PBXShellScriptBuildPhase;
			buildActionMask = 2147483647;
			files = (
			);
			inputPaths = (
			);
			name = "[CP] Copy Pods Resources";
			outputPaths = (
			);
			runOnlyForDeploymentPostprocessing = 0;
			shellPath = /bin/sh;
			shellScript = "\"${SRCROOT}/Pods/Target Support Files/Pods-ATAX/Pods-ATAX-resources.sh\"\n";
			showEnvVarsInLog = 0;
		};
		C86AE9E59F540770714439E0 /* [CP] Check Pods Manifest.lock */ = {
			isa = PBXShellScriptBuildPhase;
			buildActionMask = 2147483647;
			files = (
			);
			inputPaths = (
				"${PODS_PODFILE_DIR_PATH}/Podfile.lock",
				"${PODS_ROOT}/Manifest.lock",
			);
			name = "[CP] Check Pods Manifest.lock";
			outputPaths = (
				"$(DERIVED_FILE_DIR)/Pods-ATAX-checkManifestLockResult.txt",
			);
			runOnlyForDeploymentPostprocessing = 0;
			shellPath = /bin/sh;
			shellScript = "diff \"${PODS_PODFILE_DIR_PATH}/Podfile.lock\" \"${PODS_ROOT}/Manifest.lock\" > /dev/null\nif [ $? != 0 ] ; then\n    # print error to STDERR\n    echo \"error: The sandbox is not in sync with the Podfile.lock. Run 'pod install' or update your CocoaPods installation.\" >&2\n    exit 1\nfi\n# This output is used by Xcode 'outputs' to avoid re-running this script phase.\necho \"SUCCESS\" > \"${SCRIPT_OUTPUT_FILE_0}\"\n";
			showEnvVarsInLog = 0;
		};
/* End PBXShellScriptBuildPhase section */

/* Begin PBXSourcesBuildPhase section */
		63A8F06C1F555C40004FB344 /* Sources */ = {
			isa = PBXSourcesBuildPhase;
			buildActionMask = 2147483647;
			files = (
				DA97F9201F55DB83002384BF /* CustomNavi.swift in Sources */,
				63A6429E1F557FC100436ED8 /* RoundButton.swift in Sources */,
				DA97F9261F55DCC2002384BF /* MessagesViewController.swift in Sources */,
				63A6429A1F55718D00436ED8 /* SignUpViewController.swift in Sources */,
				63A642981F556AC900436ED8 /* HomeViewController.swift in Sources */,
				63A6429C1F55735100436ED8 /* RoundView.swift in Sources */,
				63A8F0761F555C40004FB344 /* SplashVC.swift in Sources */,
				DA97F9281F55DCCD002384BF /* MoreViewController.swift in Sources */,
				DA97F9221F55DC9D002384BF /* MyTaxesViewController.swift in Sources */,
				DA97F91B1F55D1D3002384BF /* ForgotPasswordViewController.swift in Sources */,
				63A8F0741F555C40004FB344 /* AppDelegate.swift in Sources */,
				DA97F9241F55DCA8002384BF /* DocumentsViewController.swift in Sources */,
				63A642721F55627E00436ED8 /* Text.swift in Sources */,
				63A642701F555FBE00436ED8 /* IntroVC.swift in Sources */,
			);
			runOnlyForDeploymentPostprocessing = 0;
		};
/* End PBXSourcesBuildPhase section */

/* Begin PBXVariantGroup section */
		63A8F0771F555C40004FB344 /* Main.storyboard */ = {
			isa = PBXVariantGroup;
			children = (
				63A8F0781F555C40004FB344 /* Base */,
			);
			name = Main.storyboard;
			sourceTree = "<group>";
		};
		63A8F07C1F555C40004FB344 /* LaunchScreen.storyboard */ = {
			isa = PBXVariantGroup;
			children = (
				63A8F07D1F555C40004FB344 /* Base */,
			);
			name = LaunchScreen.storyboard;
			sourceTree = "<group>";
		};
/* End PBXVariantGroup section */

/* Begin XCBuildConfiguration section */
		63A8F0801F555C40004FB344 /* Debug */ = {
			isa = XCBuildConfiguration;
			buildSettings = {
				ALWAYS_SEARCH_USER_PATHS = NO;
				CLANG_ANALYZER_NONNULL = YES;
				CLANG_ANALYZER_NUMBER_OBJECT_CONVERSION = YES_AGGRESSIVE;
				CLANG_CXX_LANGUAGE_STANDARD = "gnu++0x";
				CLANG_CXX_LIBRARY = "libc++";
				CLANG_ENABLE_MODULES = YES;
				CLANG_ENABLE_OBJC_ARC = YES;
				CLANG_WARN_BOOL_CONVERSION = YES;
				CLANG_WARN_CONSTANT_CONVERSION = YES;
				CLANG_WARN_DIRECT_OBJC_ISA_USAGE = YES_ERROR;
				CLANG_WARN_DOCUMENTATION_COMMENTS = YES;
				CLANG_WARN_EMPTY_BODY = YES;
				CLANG_WARN_ENUM_CONVERSION = YES;
				CLANG_WARN_INFINITE_RECURSION = YES;
				CLANG_WARN_INT_CONVERSION = YES;
				CLANG_WARN_OBJC_ROOT_CLASS = YES_ERROR;
				CLANG_WARN_SUSPICIOUS_MOVE = YES;
				CLANG_WARN_UNREACHABLE_CODE = YES;
				CLANG_WARN__DUPLICATE_METHOD_MATCH = YES;
				"CODE_SIGN_IDENTITY[sdk=iphoneos*]" = "iPhone Developer";
				COPY_PHASE_STRIP = NO;
				DEBUG_INFORMATION_FORMAT = dwarf;
				ENABLE_STRICT_OBJC_MSGSEND = YES;
				ENABLE_TESTABILITY = YES;
				GCC_C_LANGUAGE_STANDARD = gnu99;
				GCC_DYNAMIC_NO_PIC = NO;
				GCC_NO_COMMON_BLOCKS = YES;
				GCC_OPTIMIZATION_LEVEL = 0;
				GCC_PREPROCESSOR_DEFINITIONS = (
					"DEBUG=1",
					"$(inherited)",
				);
				GCC_WARN_64_TO_32_BIT_CONVERSION = YES;
				GCC_WARN_ABOUT_RETURN_TYPE = YES_ERROR;
				GCC_WARN_UNDECLARED_SELECTOR = YES;
				GCC_WARN_UNINITIALIZED_AUTOS = YES_AGGRESSIVE;
				GCC_WARN_UNUSED_FUNCTION = YES;
				GCC_WARN_UNUSED_VARIABLE = YES;
				IPHONEOS_DEPLOYMENT_TARGET = 10.3;
				MTL_ENABLE_DEBUG_INFO = YES;
				ONLY_ACTIVE_ARCH = YES;
				SDKROOT = iphoneos;
				SWIFT_ACTIVE_COMPILATION_CONDITIONS = DEBUG;
				SWIFT_OPTIMIZATION_LEVEL = "-Onone";
			};
			name = Debug;
		};
		63A8F0811F555C40004FB344 /* Release */ = {
			isa = XCBuildConfiguration;
			buildSettings = {
				ALWAYS_SEARCH_USER_PATHS = NO;
				CLANG_ANALYZER_NONNULL = YES;
				CLANG_ANALYZER_NUMBER_OBJECT_CONVERSION = YES_AGGRESSIVE;
				CLANG_CXX_LANGUAGE_STANDARD = "gnu++0x";
				CLANG_CXX_LIBRARY = "libc++";
				CLANG_ENABLE_MODULES = YES;
				CLANG_ENABLE_OBJC_ARC = YES;
				CLANG_WARN_BOOL_CONVERSION = YES;
				CLANG_WARN_CONSTANT_CONVERSION = YES;
				CLANG_WARN_DIRECT_OBJC_ISA_USAGE = YES_ERROR;
				CLANG_WARN_DOCUMENTATION_COMMENTS = YES;
				CLANG_WARN_EMPTY_BODY = YES;
				CLANG_WARN_ENUM_CONVERSION = YES;
				CLANG_WARN_INFINITE_RECURSION = YES;
				CLANG_WARN_INT_CONVERSION = YES;
				CLANG_WARN_OBJC_ROOT_CLASS = YES_ERROR;
				CLANG_WARN_SUSPICIOUS_MOVE = YES;
				CLANG_WARN_UNREACHABLE_CODE = YES;
				CLANG_WARN__DUPLICATE_METHOD_MATCH = YES;
				"CODE_SIGN_IDENTITY[sdk=iphoneos*]" = "iPhone Developer";
				COPY_PHASE_STRIP = NO;
				DEBUG_INFORMATION_FORMAT = "dwarf-with-dsym";
				ENABLE_NS_ASSERTIONS = NO;
				ENABLE_STRICT_OBJC_MSGSEND = YES;
				GCC_C_LANGUAGE_STANDARD = gnu99;
				GCC_NO_COMMON_BLOCKS = YES;
				GCC_WARN_64_TO_32_BIT_CONVERSION = YES;
				GCC_WARN_ABOUT_RETURN_TYPE = YES_ERROR;
				GCC_WARN_UNDECLARED_SELECTOR = YES;
				GCC_WARN_UNINITIALIZED_AUTOS = YES_AGGRESSIVE;
				GCC_WARN_UNUSED_FUNCTION = YES;
				GCC_WARN_UNUSED_VARIABLE = YES;
				IPHONEOS_DEPLOYMENT_TARGET = 10.3;
				MTL_ENABLE_DEBUG_INFO = NO;
				SDKROOT = iphoneos;
				SWIFT_OPTIMIZATION_LEVEL = "-Owholemodule";
				VALIDATE_PRODUCT = YES;
			};
			name = Release;
		};
		63A8F0831F555C40004FB344 /* Debug */ = {
			isa = XCBuildConfiguration;
			baseConfigurationReference = CF27E2C936776EE1113740EE /* Pods-ATAX.debug.xcconfig */;
			buildSettings = {
				ASSETCATALOG_COMPILER_APPICON_NAME = AppIcon;
				INFOPLIST_FILE = ATAX/Info.plist;
				LD_RUNPATH_SEARCH_PATHS = "$(inherited) @executable_path/Frameworks";
				PRODUCT_BUNDLE_IDENTIFIER = com.qtsvn.paul.ATAX;
				PRODUCT_NAME = "$(TARGET_NAME)";
				SWIFT_VERSION = 3.0;
			};
			name = Debug;
		};
		63A8F0841F555C40004FB344 /* Release */ = {
			isa = XCBuildConfiguration;
			baseConfigurationReference = B7D3AD4986722D605028410D /* Pods-ATAX.release.xcconfig */;
			buildSettings = {
				ASSETCATALOG_COMPILER_APPICON_NAME = AppIcon;
				INFOPLIST_FILE = ATAX/Info.plist;
				LD_RUNPATH_SEARCH_PATHS = "$(inherited) @executable_path/Frameworks";
				PRODUCT_BUNDLE_IDENTIFIER = com.qtsvn.paul.ATAX;
				PRODUCT_NAME = "$(TARGET_NAME)";
				SWIFT_VERSION = 3.0;
			};
			name = Release;
		};
/* End XCBuildConfiguration section */

/* Begin XCConfigurationList section */
		63A8F06B1F555C40004FB344 /* Build configuration list for PBXProject "ATAX" */ = {
			isa = XCConfigurationList;
			buildConfigurations = (
				63A8F0801F555C40004FB344 /* Debug */,
				63A8F0811F555C40004FB344 /* Release */,
			);
			defaultConfigurationIsVisible = 0;
			defaultConfigurationName = Release;
		};
		63A8F0821F555C40004FB344 /* Build configuration list for PBXNativeTarget "ATAX" */ = {
			isa = XCConfigurationList;
			buildConfigurations = (
				63A8F0831F555C40004FB344 /* Debug */,
				63A8F0841F555C40004FB344 /* Release */,
			);
			defaultConfigurationIsVisible = 0;
			defaultConfigurationName = Release;
		};
/* End XCConfigurationList section */
	};
	rootObject = 63A8F0681F555C40004FB344 /* Project object */;
}
